
Microsoft Visual Studio Solution File, Format Version 12.00
# Visual Studio Version 17
VisualStudioVersion = 17.8.34511.84
MinimumVisualStudioVersion = 10.0.40219.1
Project("{FAE04EC0-301F-11D3-BF4B-00C04F79EFBC}") = "MagicVilla_VillaAPI", "MagicVilla_VillaAPI\MagicVilla_VillaAPI.csproj", "{EA729CCA-9727-4141-82CA-B4CB76FD90A6}"
EndProject
Global
	GlobalSection(SolutionConfigurationPlatforms) = preSolution
		Debug|Any CPU = Debug|Any CPU
		Release|Any CPU = Release|Any CPU
	EndGlobalSection
	GlobalSection(ProjectConfigurationPlatforms) = postSolution
		{EA729CCA-9727-4141-82CA-B4CB76FD90A6}.Debug|Any CPU.ActiveCfg = Debug|Any CPU
		{EA729CCA-9727-4141-82CA-B4CB76FD90A6}.Debug|Any CPU.Build.0 = Debug|Any CPU
		{EA729CCA-9727-4141-82CA-B4CB76FD90A6}.Release|Any CPU.ActiveCfg = Release|Any CPU
		{EA729CCA-9727-4141-82CA-B4CB76FD90A6}.Release|Any CPU.Build.0 = Release|Any CPU
	EndGlobalSection
	GlobalSection(SolutionProperties) = preSolution
		HideSolutionNode = FALSE
	EndGlobalSection
	GlobalSection(ExtensibilityGlobals) = postSolution
		SolutionGuid = {2B2F8832-6007-436B-B795-55BA75E42B78}
	EndGlobalSection
EndGlobal
